
Microsoft Visual Studio Solution File, Format Version 12.00
# Visual Studio Version 17
VisualStudioVersion = 17.2.32630.192
MinimumVisualStudioVersion = 10.0.40219.1
Project("{9A19103F-16F7-4668-BE54-9A1E7A4F7556}") = "EduPlay.WebAPI", "EduPlay.WebAPI\EduPlay.WebAPI.csproj", "{EE9327F9-E43E-4A16-9313-0CCC868F7853}"
EndProject
Project("{9A19103F-16F7-4668-BE54-9A1E7A4F7556}") = "EduPlay.BLL", "EduPlay.BLL\EduPlay.BLL.csproj", "{3E55D38A-0536-4C52-85B9-76A781AF828E}"
EndProject
Project("{9A19103F-16F7-4668-BE54-9A1E7A4F7556}") = "EduPlay.DAL", "EduPlay.DAL\EduPlay.DAL.csproj", "{5AE2782A-53C4-4146-A256-3A6BB3873040}"
EndProject
Global
	GlobalSection(SolutionConfigurationPlatforms) = preSolution
		Debug|Any CPU = Debug|Any CPU
		Release|Any CPU = Release|Any CPU
	EndGlobalSection
	GlobalSection(ProjectConfigurationPlatforms) = postSolution
		{EE9327F9-E43E-4A16-9313-0CCC868F7853}.Debug|Any CPU.ActiveCfg = Debug|Any CPU
		{EE9327F9-E43E-4A16-9313-0CCC868F7853}.Debug|Any CPU.Build.0 = Debug|Any CPU
		{EE9327F9-E43E-4A16-9313-0CCC868F7853}.Release|Any CPU.ActiveCfg = Release|Any CPU
		{EE9327F9-E43E-4A16-9313-0CCC868F7853}.Release|Any CPU.Build.0 = Release|Any CPU
		{3E55D38A-0536-4C52-85B9-76A781AF828E}.Debug|Any CPU.ActiveCfg = Debug|Any CPU
		{3E55D38A-0536-4C52-85B9-76A781AF828E}.Debug|Any CPU.Build.0 = Debug|Any CPU
		{3E55D38A-0536-4C52-85B9-76A781AF828E}.Release|Any CPU.ActiveCfg = Release|Any CPU
		{3E55D38A-0536-4C52-85B9-76A781AF828E}.Release|Any CPU.Build.0 = Release|Any CPU
		{5AE2782A-53C4-4146-A256-3A6BB3873040}.Debug|Any CPU.ActiveCfg = Debug|Any CPU
		{5AE2782A-53C4-4146-A256-3A6BB3873040}.Debug|Any CPU.Build.0 = Debug|Any CPU
		{5AE2782A-53C4-4146-A256-3A6BB3873040}.Release|Any CPU.ActiveCfg = Release|Any CPU
		{5AE2782A-53C4-4146-A256-3A6BB3873040}.Release|Any CPU.Build.0 = Release|Any CPU
	EndGlobalSection
	GlobalSection(SolutionProperties) = preSolution
		HideSolutionNode = FALSE
	EndGlobalSection
	GlobalSection(ExtensibilityGlobals) = postSolution
		SolutionGuid = {6193F2A4-C1D4-41A4-AC5B-891DEF71C9A4}
	EndGlobalSection
EndGlobal
